
Microsoft Visual Studio Solution File, Format Version 12.00
# Visual Studio Version 17
VisualStudioVersion = 17.9.34728.123
MinimumVisualStudioVersion = 10.0.40219.1
Project("{FAE04EC0-301F-11D3-BF4B-00C04F79EFBC}") = "WeatherParser", "WeatherParser\WeatherParser.csproj", "{92F21C33-5596-47C7-BD7D-DF297B9668A4}"
EndProject
Global
	GlobalSection(SolutionConfigurationPlatforms) = preSolution
		Debug|Any CPU = Debug|Any CPU
		Release|Any CPU = Release|Any CPU
	EndGlobalSection
	GlobalSection(ProjectConfigurationPlatforms) = postSolution
		{92F21C33-5596-47C7-BD7D-DF297B9668A4}.Debug|Any CPU.ActiveCfg = Debug|Any CPU
		{92F21C33-5596-47C7-BD7D-DF297B9668A4}.Debug|Any CPU.Build.0 = Debug|Any CPU
		{92F21C33-5596-47C7-BD7D-DF297B9668A4}.Release|Any CPU.ActiveCfg = Release|Any CPU
		{92F21C33-5596-47C7-BD7D-DF297B9668A4}.Release|Any CPU.Build.0 = Release|Any CPU
	EndGlobalSection
	GlobalSection(SolutionProperties) = preSolution
		HideSolutionNode = FALSE
	EndGlobalSection
	GlobalSection(ExtensibilityGlobals) = postSolution
		SolutionGuid = {9B5F7919-1F2D-4B5C-ACA7-8D430E296BD5}
	EndGlobalSection
EndGlobal
