
Microsoft Visual Studio Solution File, Format Version 12.00
# Visual Studio Version 17
VisualStudioVersion = 17.9.34728.123
MinimumVisualStudioVersion = 10.0.40219.1
Project("{FAE04EC0-301F-11D3-BF4B-00C04F79EFBC}") = "Horoscope", "Horoscope\Horoscope.csproj", "{D60FD54F-2430-4C84-87CD-64CF8E00E5FC}"
EndProject
Project("{FAE04EC0-301F-11D3-BF4B-00C04F79EFBC}") = "HoroscopServer", "HoroscopServer\HoroscopServer.csproj", "{D9F6A9E5-5837-43C4-9324-F81AC1683871}"
EndProject
Global
	GlobalSection(SolutionConfigurationPlatforms) = preSolution
		Debug|Any CPU = Debug|Any CPU
		Release|Any CPU = Release|Any CPU
	EndGlobalSection
	GlobalSection(ProjectConfigurationPlatforms) = postSolution
		{D60FD54F-2430-4C84-87CD-64CF8E00E5FC}.Debug|Any CPU.ActiveCfg = Debug|Any CPU
		{D60FD54F-2430-4C84-87CD-64CF8E00E5FC}.Debug|Any CPU.Build.0 = Debug|Any CPU
		{D60FD54F-2430-4C84-87CD-64CF8E00E5FC}.Release|Any CPU.ActiveCfg = Release|Any CPU
		{D60FD54F-2430-4C84-87CD-64CF8E00E5FC}.Release|Any CPU.Build.0 = Release|Any CPU
		{D9F6A9E5-5837-43C4-9324-F81AC1683871}.Debug|Any CPU.ActiveCfg = Debug|Any CPU
		{D9F6A9E5-5837-43C4-9324-F81AC1683871}.Debug|Any CPU.Build.0 = Debug|Any CPU
		{D9F6A9E5-5837-43C4-9324-F81AC1683871}.Release|Any CPU.ActiveCfg = Release|Any CPU
		{D9F6A9E5-5837-43C4-9324-F81AC1683871}.Release|Any CPU.Build.0 = Release|Any CPU
	EndGlobalSection
	GlobalSection(SolutionProperties) = preSolution
		HideSolutionNode = FALSE
	EndGlobalSection
	GlobalSection(ExtensibilityGlobals) = postSolution
		SolutionGuid = {88960409-A04B-4DBC-B750-C7ED55CB0983}
	EndGlobalSection
EndGlobal
