
Microsoft Visual Studio Solution File, Format Version 12.00
# Visual Studio Version 17
VisualStudioVersion = 17.9.34728.123
MinimumVisualStudioVersion = 10.0.40219.1
Project("{FAE04EC0-301F-11D3-BF4B-00C04F79EFBC}") = "SMTPDemo", "SMTPDemo\SMTPDemo.csproj", "{5E1FA32D-A450-44D1-838F-E55A3528C4EC}"
EndProject
Global
	GlobalSection(SolutionConfigurationPlatforms) = preSolution
		Debug|Any CPU = Debug|Any CPU
		Release|Any CPU = Release|Any CPU
	EndGlobalSection
	GlobalSection(ProjectConfigurationPlatforms) = postSolution
		{5E1FA32D-A450-44D1-838F-E55A3528C4EC}.Debug|Any CPU.ActiveCfg = Debug|Any CPU
		{5E1FA32D-A450-44D1-838F-E55A3528C4EC}.Debug|Any CPU.Build.0 = Debug|Any CPU
		{5E1FA32D-A450-44D1-838F-E55A3528C4EC}.Release|Any CPU.ActiveCfg = Release|Any CPU
		{5E1FA32D-A450-44D1-838F-E55A3528C4EC}.Release|Any CPU.Build.0 = Release|Any CPU
	EndGlobalSection
	GlobalSection(SolutionProperties) = preSolution
		HideSolutionNode = FALSE
	EndGlobalSection
	GlobalSection(ExtensibilityGlobals) = postSolution
		SolutionGuid = {6E61A985-083A-4D13-900B-F4BBC2B47467}
	EndGlobalSection
EndGlobal
