
Microsoft Visual Studio Solution File, Format Version 12.00
# Visual Studio Version 17
VisualStudioVersion = 17.9.34728.123
MinimumVisualStudioVersion = 10.0.40219.1
Project("{FAE04EC0-301F-11D3-BF4B-00C04F79EFBC}") = "WeatherInformer", "WeatherInformer\WeatherInformer.csproj", "{0A14C480-5B49-4455-A167-4A53590564DE}"
EndProject
Global
	GlobalSection(SolutionConfigurationPlatforms) = preSolution
		Debug|Any CPU = Debug|Any CPU
		Release|Any CPU = Release|Any CPU
	EndGlobalSection
	GlobalSection(ProjectConfigurationPlatforms) = postSolution
		{0A14C480-5B49-4455-A167-4A53590564DE}.Debug|Any CPU.ActiveCfg = Debug|Any CPU
		{0A14C480-5B49-4455-A167-4A53590564DE}.Debug|Any CPU.Build.0 = Debug|Any CPU
		{0A14C480-5B49-4455-A167-4A53590564DE}.Release|Any CPU.ActiveCfg = Release|Any CPU
		{0A14C480-5B49-4455-A167-4A53590564DE}.Release|Any CPU.Build.0 = Release|Any CPU
	EndGlobalSection
	GlobalSection(SolutionProperties) = preSolution
		HideSolutionNode = FALSE
	EndGlobalSection
	GlobalSection(ExtensibilityGlobals) = postSolution
		SolutionGuid = {5EA4F167-0E1D-49BE-A4F6-F5FFFAD6F803}
	EndGlobalSection
EndGlobal
