
Microsoft Visual Studio Solution File, Format Version 12.00
# Visual Studio Version 17
VisualStudioVersion = 17.9.34728.123
MinimumVisualStudioVersion = 10.0.40219.1
Project("{FAE04EC0-301F-11D3-BF4B-00C04F79EFBC}") = "AuthServer", "AuthServer\AuthServer.csproj", "{DD9380E7-3BF6-43D1-99D5-B479F9ED92C7}"
EndProject
Project("{FAE04EC0-301F-11D3-BF4B-00C04F79EFBC}") = "AuthClient", "AuthClient\AuthClient.csproj", "{AEF6DFB9-124A-4F16-8FE0-B1F419C200B0}"
EndProject
Global
	GlobalSection(SolutionConfigurationPlatforms) = preSolution
		Debug|Any CPU = Debug|Any CPU
		Release|Any CPU = Release|Any CPU
	EndGlobalSection
	GlobalSection(ProjectConfigurationPlatforms) = postSolution
		{DD9380E7-3BF6-43D1-99D5-B479F9ED92C7}.Debug|Any CPU.ActiveCfg = Debug|Any CPU
		{DD9380E7-3BF6-43D1-99D5-B479F9ED92C7}.Debug|Any CPU.Build.0 = Debug|Any CPU
		{DD9380E7-3BF6-43D1-99D5-B479F9ED92C7}.Release|Any CPU.ActiveCfg = Release|Any CPU
		{DD9380E7-3BF6-43D1-99D5-B479F9ED92C7}.Release|Any CPU.Build.0 = Release|Any CPU
		{AEF6DFB9-124A-4F16-8FE0-B1F419C200B0}.Debug|Any CPU.ActiveCfg = Debug|Any CPU
		{AEF6DFB9-124A-4F16-8FE0-B1F419C200B0}.Debug|Any CPU.Build.0 = Debug|Any CPU
		{AEF6DFB9-124A-4F16-8FE0-B1F419C200B0}.Release|Any CPU.ActiveCfg = Release|Any CPU
		{AEF6DFB9-124A-4F16-8FE0-B1F419C200B0}.Release|Any CPU.Build.0 = Release|Any CPU
	EndGlobalSection
	GlobalSection(SolutionProperties) = preSolution
		HideSolutionNode = FALSE
	EndGlobalSection
	GlobalSection(ExtensibilityGlobals) = postSolution
		SolutionGuid = {9D884D97-2A7C-47FE-8090-3A827459617F}
	EndGlobalSection
EndGlobal
